
Microsoft Visual Studio Solution File, Format Version 12.00
# Visual Studio Version 16
VisualStudioVersion = 16.0.31515.178
MinimumVisualStudioVersion = 10.0.40219.1
Project("{8BC9CEB8-8B4A-11D0-8D11-00A0C91BC942}") = "HelloWorld", "HelloWorld\HelloWorld.vcxproj", "{43291CC8-F78E-4374-9CE7-129379CD73AE}"
EndProject
Project("{8BC9CEB8-8B4A-11D0-8D11-00A0C91BC942}") = "Variables", "Variables\Variables.vcxproj", "{C8F5A979-B37F-42CF-96CB-B29AE14B5BE8}"
EndProject
Project("{8BC9CEB8-8B4A-11D0-8D11-00A0C91BC942}") = "Input", "Input\Input.vcxproj", "{68D442EC-D809-47F6-B31F-6EBB1F44E43A}"
EndProject
Project("{8BC9CEB8-8B4A-11D0-8D11-00A0C91BC942}") = "IntegerTypes", "IntegerTypes\IntegerTypes.vcxproj", "{7FD8244F-631C-409C-8370-210C989103D4}"
EndProject
Project("{8BC9CEB8-8B4A-11D0-8D11-00A0C91BC942}") = "FloatingPointTypes", "FloatingPointTypes\FloatingPointTypes.vcxproj", "{1A1BB51F-FA10-4AEC-AA6C-500D34196325}"
EndProject
Project("{8BC9CEB8-8B4A-11D0-8D11-00A0C91BC942}") = "OtherTypes", "OtherTypes\OtherTypes.vcxproj", "{A9F2C921-BF10-45B3-82BD-1FE3EA82303F}"
EndProject
Project("{8BC9CEB8-8B4A-11D0-8D11-00A0C91BC942}") = "if", "ConsoleApplication1\ConsoleApplication1.vcxproj", "{9C5A7681-6BD2-44C6-9E02-409EF5DD4E4B}"
EndProject
Project("{8BC9CEB8-8B4A-11D0-8D11-00A0C91BC942}") = "IfElseIf", "IfElseIf\IfElseIf.vcxproj", "{1D4293FC-FFED-409C-A359-2DCAA57BF0C5}"
EndProject
Project("{8BC9CEB8-8B4A-11D0-8D11-00A0C91BC942}") = "If_Else", "If_Else\If_Else.vcxproj", "{DCE35FC0-3B69-460F-95BE-DC7225591B31}"
EndProject
Project("{8BC9CEB8-8B4A-11D0-8D11-00A0C91BC942}") = "ComplexCondition", "ComplexCondition\ComplexCondition.vcxproj", "{C2E4F182-E12E-4444-8EC2-0B12C1283733}"
EndProject
Project("{8BC9CEB8-8B4A-11D0-8D11-00A0C91BC942}") = "WhileLoops", "WhileLoops\WhileLoops.vcxproj", "{9328FC7D-B90B-4A53-B223-DCBA95A65593}"
EndProject
Project("{8BC9CEB8-8B4A-11D0-8D11-00A0C91BC942}") = "DoWhile", "DoWhile\DoWhile.vcxproj", "{1725042C-C1D6-46B1-824A-6835B19872FB}"
EndProject
Project("{8BC9CEB8-8B4A-11D0-8D11-00A0C91BC942}") = "ForLoop", "ForLoop\ForLoop.vcxproj", "{7BBD95D1-FC49-42CE-87AA-EBFDD56344B2}"
EndProject
Project("{8BC9CEB8-8B4A-11D0-8D11-00A0C91BC942}") = "Arrays", "Arrays\Arrays.vcxproj", "{DF81801B-7960-41F6-8B97-B12415EFA5FF}"
EndProject
Project("{8BC9CEB8-8B4A-11D0-8D11-00A0C91BC942}") = "MultidimentionalArray", "MultidimentionalArray\MultidimentionalArray.vcxproj", "{5469F16F-31CE-4556-B627-AC41E6B86185}"
EndProject
Project("{8BC9CEB8-8B4A-11D0-8D11-00A0C91BC942}") = "sizeOf", "sizeOf\sizeOf.vcxproj", "{4E88726E-B7EB-489C-9595-762C2D61895A}"
EndProject
Project("{8BC9CEB8-8B4A-11D0-8D11-00A0C91BC942}") = "SizeOfMultidemintionalArray", "SizeOfMultidemintionalArray\SizeOfMultidemintionalArray.vcxproj", "{39432C60-4083-4016-BB21-8C30000CB595}"
EndProject
Project("{8BC9CEB8-8B4A-11D0-8D11-00A0C91BC942}") = "Switch", "Switch\Switch.vcxproj", "{902A7CC2-FA1A-4DE4-8095-3E02CCA655F5}"
EndProject
Project("{8BC9CEB8-8B4A-11D0-8D11-00A0C91BC942}") = "Functions", "Functions\Functions.vcxproj", "{61C3936F-9E1C-479E-97FD-045D02A5BC7C}"
EndProject
Project("{8BC9CEB8-8B4A-11D0-8D11-00A0C91BC942}") = "PrototypesAndInccludes", "PrototypesAndInccludes\PrototypesAndInccludes.vcxproj", "{B9BF29B6-CDAE-4384-9452-2A0CA0BB0F93}"
EndProject
Project("{8BC9CEB8-8B4A-11D0-8D11-00A0C91BC942}") = "Classes", "Classes\Classes.vcxproj", "{CEAA63AB-E956-4E58-AD2B-D703B7532686}"
EndProject
Project("{8BC9CEB8-8B4A-11D0-8D11-00A0C91BC942}") = "DataMembers", "DataMembers\DataMembers.vcxproj", "{79E9D2F0-98ED-4E0D-813B-9EE09A9ACED8}"
EndProject
Project("{8BC9CEB8-8B4A-11D0-8D11-00A0C91BC942}") = "ContructorsAndDestructors", "ContructorsAndDestructors\ContructorsAndDestructors.vcxproj", "{16153EEA-60BE-4B74-9671-79BB234584C0}"
EndProject
Project("{8BC9CEB8-8B4A-11D0-8D11-00A0C91BC942}") = "GettersAndSetters", "GettersAndSetters\GettersAndSetters.vcxproj", "{D0C1863C-DDC9-4267-A6BE-B25AE6B67B92}"
EndProject
Project("{8BC9CEB8-8B4A-11D0-8D11-00A0C91BC942}") = "StringStreams", "StringStreams\StringStreams.vcxproj", "{2AB50156-7081-488E-BF13-F67B46AA628F}"
EndProject
Project("{8BC9CEB8-8B4A-11D0-8D11-00A0C91BC942}") = "ConstructorParamaetersOverloading", "ConstructorParamaetersOverloading\ConstructorParamaetersOverloading.vcxproj", "{F25CE8FF-E7F4-49D9-B028-4BFCE8E02E80}"
EndProject
Project("{8BC9CEB8-8B4A-11D0-8D11-00A0C91BC942}") = "Pointers", "Pointers\Pointers.vcxproj", "{D30A8A6C-65CC-4C64-A777-27EEB3414291}"
EndProject
Project("{8BC9CEB8-8B4A-11D0-8D11-00A0C91BC942}") = "PointersAndArrays", "PointersAndArrays\PointersAndArrays.vcxproj", "{2A743AE4-5978-4504-B67A-7677877DACDD}"
EndProject
Project("{8BC9CEB8-8B4A-11D0-8D11-00A0C91BC942}") = "References", "References\References.vcxproj", "{275AA201-4BE0-4896-8B76-AE4FB4BF98AC}"
EndProject
Project("{8BC9CEB8-8B4A-11D0-8D11-00A0C91BC942}") = "CharArrays", "CharArrays\CharArrays.vcxproj", "{38BCE76F-820B-458B-A5D4-86B05BB9073D}"
EndProject
Project("{8BC9CEB8-8B4A-11D0-8D11-00A0C91BC942}") = "Const", "Const\Const.vcxproj", "{354671F5-98C4-4B7C-B719-E076534F5ACE}"
EndProject
Project("{8BC9CEB8-8B4A-11D0-8D11-00A0C91BC942}") = "CopyConstructors", "CopyConstructors\CopyConstructors.vcxproj", "{25834A1F-3F9D-42F7-AA67-53E7A686AB09}"
EndProject
Project("{8BC9CEB8-8B4A-11D0-8D11-00A0C91BC942}") = "NewOperator", "NewOperator\NewOperator.vcxproj", "{16DC9847-FAE1-4983-AB26-A26B805A4C5C}"
EndProject
Project("{8BC9CEB8-8B4A-11D0-8D11-00A0C91BC942}") = "AllocatingMemory", "AllocatingMemory\AllocatingMemory.vcxproj", "{2634EF10-02D3-4609-9E6A-A17D2DC1918C}"
EndProject
Project("{8BC9CEB8-8B4A-11D0-8D11-00A0C91BC942}") = "ArraysAndFunctions", "ArraysAndFunctions\ArraysAndFunctions.vcxproj", "{7FAA3659-BEE1-4B25-9440-8E074768A616}"
EndProject
Project("{8BC9CEB8-8B4A-11D0-8D11-00A0C91BC942}") = "Namespaces", "Namespaces\Namespaces.vcxproj", "{58DC7AD9-8A02-4A7D-A03E-1F1B93412FB6}"
EndProject
Project("{8BC9CEB8-8B4A-11D0-8D11-00A0C91BC942}") = "PointerArithmetic", "PointerArithmetic\PointerArithmetic.vcxproj", "{AC502557-76AC-42FD-9B2E-81E9D722C380}"
EndProject
Project("{8BC9CEB8-8B4A-11D0-8D11-00A0C91BC942}") = "ReversingAString", "ReversingAString\ReversingAString.vcxproj", "{041810A5-9B59-4028-A189-9DB4F52B1E48}"
EndProject
Project("{8BC9CEB8-8B4A-11D0-8D11-00A0C91BC942}") = "Namespace2", "Namespace2\Namespace2.vcxproj", "{76FA5ADA-DA49-4EDB-AC6C-557DA0A9FA5A}"
EndProject
Project("{8BC9CEB8-8B4A-11D0-8D11-00A0C91BC942}") = "Inheritance", "Inheritance\Inheritance.vcxproj", "{FBE55EED-1C36-4F90-88D4-AA35B67AE2EA}"
EndProject
Project("{8BC9CEB8-8B4A-11D0-8D11-00A0C91BC942}") = "Encapsulation", "Encapsulation\Encapsulation.vcxproj", "{3BBC3DF1-A078-44E1-9127-0AC87754F941}"
EndProject
Project("{8BC9CEB8-8B4A-11D0-8D11-00A0C91BC942}") = "InheritanceAndConstructors", "InheritanceAndConstructors\InheritanceAndConstructors.vcxproj", "{B46E3A01-D890-4B96-B15C-50DABA793D85}"
EndProject
Project("{8BC9CEB8-8B4A-11D0-8D11-00A0C91BC942}") = "TwosComplement", "Twos Complement\Twos Complement.vcxproj", "{5A28FC89-4286-4B2B-9F6E-B5D8A48764C8}"
EndProject
Project("{8BC9CEB8-8B4A-11D0-8D11-00A0C91BC942}") = "Static", "Static\Static.vcxproj", "{0C6E72F0-EC92-4238-9E2D-4081568D135C}"
EndProject
Global
	GlobalSection(SolutionConfigurationPlatforms) = preSolution
		Debug|x64 = Debug|x64
		Debug|x86 = Debug|x86
		Release|x64 = Release|x64
		Release|x86 = Release|x86
	EndGlobalSection
	GlobalSection(ProjectConfigurationPlatforms) = postSolution
		{43291CC8-F78E-4374-9CE7-129379CD73AE}.Debug|x64.ActiveCfg = Debug|x64
		{43291CC8-F78E-4374-9CE7-129379CD73AE}.Debug|x64.Build.0 = Debug|x64
		{43291CC8-F78E-4374-9CE7-129379CD73AE}.Debug|x86.ActiveCfg = Debug|Win32
		{43291CC8-F78E-4374-9CE7-129379CD73AE}.Debug|x86.Build.0 = Debug|Win32
		{43291CC8-F78E-4374-9CE7-129379CD73AE}.Release|x64.ActiveCfg = Release|x64
		{43291CC8-F78E-4374-9CE7-129379CD73AE}.Release|x64.Build.0 = Release|x64
		{43291CC8-F78E-4374-9CE7-129379CD73AE}.Release|x86.ActiveCfg = Release|Win32
		{43291CC8-F78E-4374-9CE7-129379CD73AE}.Release|x86.Build.0 = Release|Win32
		{C8F5A979-B37F-42CF-96CB-B29AE14B5BE8}.Debug|x64.ActiveCfg = Debug|x64
		{C8F5A979-B37F-42CF-96CB-B29AE14B5BE8}.Debug|x64.Build.0 = Debug|x64
		{C8F5A979-B37F-42CF-96CB-B29AE14B5BE8}.Debug|x86.ActiveCfg = Debug|Win32
		{C8F5A979-B37F-42CF-96CB-B29AE14B5BE8}.Debug|x86.Build.0 = Debug|Win32
		{C8F5A979-B37F-42CF-96CB-B29AE14B5BE8}.Release|x64.ActiveCfg = Release|x64
		{C8F5A979-B37F-42CF-96CB-B29AE14B5BE8}.Release|x64.Build.0 = Release|x64
		{C8F5A979-B37F-42CF-96CB-B29AE14B5BE8}.Release|x86.ActiveCfg = Release|Win32
		{C8F5A979-B37F-42CF-96CB-B29AE14B5BE8}.Release|x86.Build.0 = Release|Win32
		{68D442EC-D809-47F6-B31F-6EBB1F44E43A}.Debug|x64.ActiveCfg = Debug|x64
		{68D442EC-D809-47F6-B31F-6EBB1F44E43A}.Debug|x64.Build.0 = Debug|x64
		{68D442EC-D809-47F6-B31F-6EBB1F44E43A}.Debug|x86.ActiveCfg = Debug|Win32
		{68D442EC-D809-47F6-B31F-6EBB1F44E43A}.Debug|x86.Build.0 = Debug|Win32
		{68D442EC-D809-47F6-B31F-6EBB1F44E43A}.Release|x64.ActiveCfg = Release|x64
		{68D442EC-D809-47F6-B31F-6EBB1F44E43A}.Release|x64.Build.0 = Release|x64
		{68D442EC-D809-47F6-B31F-6EBB1F44E43A}.Release|x86.ActiveCfg = Release|Win32
		{68D442EC-D809-47F6-B31F-6EBB1F44E43A}.Release|x86.Build.0 = Release|Win32
		{7FD8244F-631C-409C-8370-210C989103D4}.Debug|x64.ActiveCfg = Debug|x64
		{7FD8244F-631C-409C-8370-210C989103D4}.Debug|x64.Build.0 = Debug|x64
		{7FD8244F-631C-409C-8370-210C989103D4}.Debug|x86.ActiveCfg = Debug|Win32
		{7FD8244F-631C-409C-8370-210C989103D4}.Debug|x86.Build.0 = Debug|Win32
		{7FD8244F-631C-409C-8370-210C989103D4}.Release|x64.ActiveCfg = Release|x64
		{7FD8244F-631C-409C-8370-210C989103D4}.Release|x64.Build.0 = Release|x64
		{7FD8244F-631C-409C-8370-210C989103D4}.Release|x86.ActiveCfg = Release|Win32
		{7FD8244F-631C-409C-8370-210C989103D4}.Release|x86.Build.0 = Release|Win32
		{1A1BB51F-FA10-4AEC-AA6C-500D34196325}.Debug|x64.ActiveCfg = Debug|x64
		{1A1BB51F-FA10-4AEC-AA6C-500D34196325}.Debug|x64.Build.0 = Debug|x64
		{1A1BB51F-FA10-4AEC-AA6C-500D34196325}.Debug|x86.ActiveCfg = Debug|Win32
		{1A1BB51F-FA10-4AEC-AA6C-500D34196325}.Debug|x86.Build.0 = Debug|Win32
		{1A1BB51F-FA10-4AEC-AA6C-500D34196325}.Release|x64.ActiveCfg = Release|x64
		{1A1BB51F-FA10-4AEC-AA6C-500D34196325}.Release|x64.Build.0 = Release|x64
		{1A1BB51F-FA10-4AEC-AA6C-500D34196325}.Release|x86.ActiveCfg = Release|Win32
		{1A1BB51F-FA10-4AEC-AA6C-500D34196325}.Release|x86.Build.0 = Release|Win32
		{A9F2C921-BF10-45B3-82BD-1FE3EA82303F}.Debug|x64.ActiveCfg = Debug|x64
		{A9F2C921-BF10-45B3-82BD-1FE3EA82303F}.Debug|x64.Build.0 = Debug|x64
		{A9F2C921-BF10-45B3-82BD-1FE3EA82303F}.Debug|x86.ActiveCfg = Debug|Win32
		{A9F2C921-BF10-45B3-82BD-1FE3EA82303F}.Debug|x86.Build.0 = Debug|Win32
		{A9F2C921-BF10-45B3-82BD-1FE3EA82303F}.Release|x64.ActiveCfg = Release|x64
		{A9F2C921-BF10-45B3-82BD-1FE3EA82303F}.Release|x64.Build.0 = Release|x64
		{A9F2C921-BF10-45B3-82BD-1FE3EA82303F}.Release|x86.ActiveCfg = Release|Win32
		{A9F2C921-BF10-45B3-82BD-1FE3EA82303F}.Release|x86.Build.0 = Release|Win32
		{9C5A7681-6BD2-44C6-9E02-409EF5DD4E4B}.Debug|x64.ActiveCfg = Debug|x64
		{9C5A7681-6BD2-44C6-9E02-409EF5DD4E4B}.Debug|x64.Build.0 = Debug|x64
		{9C5A7681-6BD2-44C6-9E02-409EF5DD4E4B}.Debug|x86.ActiveCfg = Debug|Win32
		{9C5A7681-6BD2-44C6-9E02-409EF5DD4E4B}.Debug|x86.Build.0 = Debug|Win32
		{9C5A7681-6BD2-44C6-9E02-409EF5DD4E4B}.Release|x64.ActiveCfg = Release|x64
		{9C5A7681-6BD2-44C6-9E02-409EF5DD4E4B}.Release|x64.Build.0 = Release|x64
		{9C5A7681-6BD2-44C6-9E02-409EF5DD4E4B}.Release|x86.ActiveCfg = Release|Win32
		{9C5A7681-6BD2-44C6-9E02-409EF5DD4E4B}.Release|x86.Build.0 = Release|Win32
		{1D4293FC-FFED-409C-A359-2DCAA57BF0C5}.Debug|x64.ActiveCfg = Debug|x64
		{1D4293FC-FFED-409C-A359-2DCAA57BF0C5}.Debug|x64.Build.0 = Debug|x64
		{1D4293FC-FFED-409C-A359-2DCAA57BF0C5}.Debug|x86.ActiveCfg = Debug|Win32
		{1D4293FC-FFED-409C-A359-2DCAA57BF0C5}.Debug|x86.Build.0 = Debug|Win32
		{1D4293FC-FFED-409C-A359-2DCAA57BF0C5}.Release|x64.ActiveCfg = Release|x64
		{1D4293FC-FFED-409C-A359-2DCAA57BF0C5}.Release|x64.Build.0 = Release|x64
		{1D4293FC-FFED-409C-A359-2DCAA57BF0C5}.Release|x86.ActiveCfg = Release|Win32
		{1D4293FC-FFED-409C-A359-2DCAA57BF0C5}.Release|x86.Build.0 = Release|Win32
		{DCE35FC0-3B69-460F-95BE-DC7225591B31}.Debug|x64.ActiveCfg = Debug|x64
		{DCE35FC0-3B69-460F-95BE-DC7225591B31}.Debug|x64.Build.0 = Debug|x64
		{DCE35FC0-3B69-460F-95BE-DC7225591B31}.Debug|x86.ActiveCfg = Debug|Win32
		{DCE35FC0-3B69-460F-95BE-DC7225591B31}.Debug|x86.Build.0 = Debug|Win32
		{DCE35FC0-3B69-460F-95BE-DC7225591B31}.Release|x64.ActiveCfg = Release|x64
		{DCE35FC0-3B69-460F-95BE-DC7225591B31}.Release|x64.Build.0 = Release|x64
		{DCE35FC0-3B69-460F-95BE-DC7225591B31}.Release|x86.ActiveCfg = Release|Win32
		{DCE35FC0-3B69-460F-95BE-DC7225591B31}.Release|x86.Build.0 = Release|Win32
		{C2E4F182-E12E-4444-8EC2-0B12C1283733}.Debug|x64.ActiveCfg = Debug|x64
		{C2E4F182-E12E-4444-8EC2-0B12C1283733}.Debug|x64.Build.0 = Debug|x64
		{C2E4F182-E12E-4444-8EC2-0B12C1283733}.Debug|x86.ActiveCfg = Debug|Win32
		{C2E4F182-E12E-4444-8EC2-0B12C1283733}.Debug|x86.Build.0 = Debug|Win32
		{C2E4F182-E12E-4444-8EC2-0B12C1283733}.Release|x64.ActiveCfg = Release|x64
		{C2E4F182-E12E-4444-8EC2-0B12C1283733}.Release|x64.Build.0 = Release|x64
		{C2E4F182-E12E-4444-8EC2-0B12C1283733}.Release|x86.ActiveCfg = Release|Win32
		{C2E4F182-E12E-4444-8EC2-0B12C1283733}.Release|x86.Build.0 = Release|Win32
		{9328FC7D-B90B-4A53-B223-DCBA95A65593}.Debug|x64.ActiveCfg = Debug|x64
		{9328FC7D-B90B-4A53-B223-DCBA95A65593}.Debug|x64.Build.0 = Debug|x64
		{9328FC7D-B90B-4A53-B223-DCBA95A65593}.Debug|x86.ActiveCfg = Debug|Win32
		{9328FC7D-B90B-4A53-B223-DCBA95A65593}.Debug|x86.Build.0 = Debug|Win32
		{9328FC7D-B90B-4A53-B223-DCBA95A65593}.Release|x64.ActiveCfg = Release|x64
		{9328FC7D-B90B-4A53-B223-DCBA95A65593}.Release|x64.Build.0 = Release|x64
		{9328FC7D-B90B-4A53-B223-DCBA95A65593}.Release|x86.ActiveCfg = Release|Win32
		{9328FC7D-B90B-4A53-B223-DCBA95A65593}.Release|x86.Build.0 = Release|Win32
		{1725042C-C1D6-46B1-824A-6835B19872FB}.Debug|x64.ActiveCfg = Debug|x64
		{1725042C-C1D6-46B1-824A-6835B19872FB}.Debug|x64.Build.0 = Debug|x64
		{1725042C-C1D6-46B1-824A-6835B19872FB}.Debug|x86.ActiveCfg = Debug|Win32
		{1725042C-C1D6-46B1-824A-6835B19872FB}.Debug|x86.Build.0 = Debug|Win32
		{1725042C-C1D6-46B1-824A-6835B19872FB}.Release|x64.ActiveCfg = Release|x64
		{1725042C-C1D6-46B1-824A-6835B19872FB}.Release|x64.Build.0 = Release|x64
		{1725042C-C1D6-46B1-824A-6835B19872FB}.Release|x86.ActiveCfg = Release|Win32
		{1725042C-C1D6-46B1-824A-6835B19872FB}.Release|x86.Build.0 = Release|Win32
		{7BBD95D1-FC49-42CE-87AA-EBFDD56344B2}.Debug|x64.ActiveCfg = Debug|x64
		{7BBD95D1-FC49-42CE-87AA-EBFDD56344B2}.Debug|x64.Build.0 = Debug|x64
		{7BBD95D1-FC49-42CE-87AA-EBFDD56344B2}.Debug|x86.ActiveCfg = Debug|Win32
		{7BBD95D1-FC49-42CE-87AA-EBFDD56344B2}.Debug|x86.Build.0 = Debug|Win32
		{7BBD95D1-FC49-42CE-87AA-EBFDD56344B2}.Release|x64.ActiveCfg = Release|x64
		{7BBD95D1-FC49-42CE-87AA-EBFDD56344B2}.Release|x64.Build.0 = Release|x64
		{7BBD95D1-FC49-42CE-87AA-EBFDD56344B2}.Release|x86.ActiveCfg = Release|Win32
		{7BBD95D1-FC49-42CE-87AA-EBFDD56344B2}.Release|x86.Build.0 = Release|Win32
		{DF81801B-7960-41F6-8B97-B12415EFA5FF}.Debug|x64.ActiveCfg = Debug|x64
		{DF81801B-7960-41F6-8B97-B12415EFA5FF}.Debug|x64.Build.0 = Debug|x64
		{DF81801B-7960-41F6-8B97-B12415EFA5FF}.Debug|x86.ActiveCfg = Debug|Win32
		{DF81801B-7960-41F6-8B97-B12415EFA5FF}.Debug|x86.Build.0 = Debug|Win32
		{DF81801B-7960-41F6-8B97-B12415EFA5FF}.Release|x64.ActiveCfg = Release|x64
		{DF81801B-7960-41F6-8B97-B12415EFA5FF}.Release|x64.Build.0 = Release|x64
		{DF81801B-7960-41F6-8B97-B12415EFA5FF}.Release|x86.ActiveCfg = Release|Win32
		{DF81801B-7960-41F6-8B97-B12415EFA5FF}.Release|x86.Build.0 = Release|Win32
		{5469F16F-31CE-4556-B627-AC41E6B86185}.Debug|x64.ActiveCfg = Debug|x64
		{5469F16F-31CE-4556-B627-AC41E6B86185}.Debug|x64.Build.0 = Debug|x64
		{5469F16F-31CE-4556-B627-AC41E6B86185}.Debug|x86.ActiveCfg = Debug|Win32
		{5469F16F-31CE-4556-B627-AC41E6B86185}.Debug|x86.Build.0 = Debug|Win32
		{5469F16F-31CE-4556-B627-AC41E6B86185}.Release|x64.ActiveCfg = Release|x64
		{5469F16F-31CE-4556-B627-AC41E6B86185}.Release|x64.Build.0 = Release|x64
		{5469F16F-31CE-4556-B627-AC41E6B86185}.Release|x86.ActiveCfg = Release|Win32
		{5469F16F-31CE-4556-B627-AC41E6B86185}.Release|x86.Build.0 = Release|Win32
		{4E88726E-B7EB-489C-9595-762C2D61895A}.Debug|x64.ActiveCfg = Debug|x64
		{4E88726E-B7EB-489C-9595-762C2D61895A}.Debug|x64.Build.0 = Debug|x64
		{4E88726E-B7EB-489C-9595-762C2D61895A}.Debug|x86.ActiveCfg = Debug|Win32
		{4E88726E-B7EB-489C-9595-762C2D61895A}.Debug|x86.Build.0 = Debug|Win32
		{4E88726E-B7EB-489C-9595-762C2D61895A}.Release|x64.ActiveCfg = Release|x64
		{4E88726E-B7EB-489C-9595-762C2D61895A}.Release|x64.Build.0 = Release|x64
		{4E88726E-B7EB-489C-9595-762C2D61895A}.Release|x86.ActiveCfg = Release|Win32
		{4E88726E-B7EB-489C-9595-762C2D61895A}.Release|x86.Build.0 = Release|Win32
		{39432C60-4083-4016-BB21-8C30000CB595}.Debug|x64.ActiveCfg = Debug|x64
		{39432C60-4083-4016-BB21-8C30000CB595}.Debug|x64.Build.0 = Debug|x64
		{39432C60-4083-4016-BB21-8C30000CB595}.Debug|x86.ActiveCfg = Debug|Win32
		{39432C60-4083-4016-BB21-8C30000CB595}.Debug|x86.Build.0 = Debug|Win32
		{39432C60-4083-4016-BB21-8C30000CB595}.Release|x64.ActiveCfg = Release|x64
		{39432C60-4083-4016-BB21-8C30000CB595}.Release|x64.Build.0 = Release|x64
		{39432C60-4083-4016-BB21-8C30000CB595}.Release|x86.ActiveCfg = Release|Win32
		{39432C60-4083-4016-BB21-8C30000CB595}.Release|x86.Build.0 = Release|Win32
		{902A7CC2-FA1A-4DE4-8095-3E02CCA655F5}.Debug|x64.ActiveCfg = Debug|x64
		{902A7CC2-FA1A-4DE4-8095-3E02CCA655F5}.Debug|x64.Build.0 = Debug|x64
		{902A7CC2-FA1A-4DE4-8095-3E02CCA655F5}.Debug|x86.ActiveCfg = Debug|Win32
		{902A7CC2-FA1A-4DE4-8095-3E02CCA655F5}.Debug|x86.Build.0 = Debug|Win32
		{902A7CC2-FA1A-4DE4-8095-3E02CCA655F5}.Release|x64.ActiveCfg = Release|x64
		{902A7CC2-FA1A-4DE4-8095-3E02CCA655F5}.Release|x64.Build.0 = Release|x64
		{902A7CC2-FA1A-4DE4-8095-3E02CCA655F5}.Release|x86.ActiveCfg = Release|Win32
		{902A7CC2-FA1A-4DE4-8095-3E02CCA655F5}.Release|x86.Build.0 = Release|Win32
		{61C3936F-9E1C-479E-97FD-045D02A5BC7C}.Debug|x64.ActiveCfg = Debug|x64
		{61C3936F-9E1C-479E-97FD-045D02A5BC7C}.Debug|x64.Build.0 = Debug|x64
		{61C3936F-9E1C-479E-97FD-045D02A5BC7C}.Debug|x86.ActiveCfg = Debug|Win32
		{61C3936F-9E1C-479E-97FD-045D02A5BC7C}.Debug|x86.Build.0 = Debug|Win32
		{61C3936F-9E1C-479E-97FD-045D02A5BC7C}.Release|x64.ActiveCfg = Release|x64
		{61C3936F-9E1C-479E-97FD-045D02A5BC7C}.Release|x64.Build.0 = Release|x64
		{61C3936F-9E1C-479E-97FD-045D02A5BC7C}.Release|x86.ActiveCfg = Release|Win32
		{61C3936F-9E1C-479E-97FD-045D02A5BC7C}.Release|x86.Build.0 = Release|Win32
		{B9BF29B6-CDAE-4384-9452-2A0CA0BB0F93}.Debug|x64.ActiveCfg = Debug|x64
		{B9BF29B6-CDAE-4384-9452-2A0CA0BB0F93}.Debug|x64.Build.0 = Debug|x64
		{B9BF29B6-CDAE-4384-9452-2A0CA0BB0F93}.Debug|x86.ActiveCfg = Debug|Win32
		{B9BF29B6-CDAE-4384-9452-2A0CA0BB0F93}.Debug|x86.Build.0 = Debug|Win32
		{B9BF29B6-CDAE-4384-9452-2A0CA0BB0F93}.Release|x64.ActiveCfg = Release|x64
		{B9BF29B6-CDAE-4384-9452-2A0CA0BB0F93}.Release|x64.Build.0 = Release|x64
		{B9BF29B6-CDAE-4384-9452-2A0CA0BB0F93}.Release|x86.ActiveCfg = Release|Win32
		{B9BF29B6-CDAE-4384-9452-2A0CA0BB0F93}.Release|x86.Build.0 = Release|Win32
		{CEAA63AB-E956-4E58-AD2B-D703B7532686}.Debug|x64.ActiveCfg = Debug|x64
		{CEAA63AB-E956-4E58-AD2B-D703B7532686}.Debug|x64.Build.0 = Debug|x64
		{CEAA63AB-E956-4E58-AD2B-D703B7532686}.Debug|x86.ActiveCfg = Debug|Win32
		{CEAA63AB-E956-4E58-AD2B-D703B7532686}.Debug|x86.Build.0 = Debug|Win32
		{CEAA63AB-E956-4E58-AD2B-D703B7532686}.Release|x64.ActiveCfg = Release|x64
		{CEAA63AB-E956-4E58-AD2B-D703B7532686}.Release|x64.Build.0 = Release|x64
		{CEAA63AB-E956-4E58-AD2B-D703B7532686}.Release|x86.ActiveCfg = Release|Win32
		{CEAA63AB-E956-4E58-AD2B-D703B7532686}.Release|x86.Build.0 = Release|Win32
		{79E9D2F0-98ED-4E0D-813B-9EE09A9ACED8}.Debug|x64.ActiveCfg = Debug|x64
		{79E9D2F0-98ED-4E0D-813B-9EE09A9ACED8}.Debug|x64.Build.0 = Debug|x64
		{79E9D2F0-98ED-4E0D-813B-9EE09A9ACED8}.Debug|x86.ActiveCfg = Debug|Win32
		{79E9D2F0-98ED-4E0D-813B-9EE09A9ACED8}.Debug|x86.Build.0 = Debug|Win32
		{79E9D2F0-98ED-4E0D-813B-9EE09A9ACED8}.Release|x64.ActiveCfg = Release|x64
		{79E9D2F0-98ED-4E0D-813B-9EE09A9ACED8}.Release|x64.Build.0 = Release|x64
		{79E9D2F0-98ED-4E0D-813B-9EE09A9ACED8}.Release|x86.ActiveCfg = Release|Win32
		{79E9D2F0-98ED-4E0D-813B-9EE09A9ACED8}.Release|x86.Build.0 = Release|Win32
		{16153EEA-60BE-4B74-9671-79BB234584C0}.Debug|x64.ActiveCfg = Debug|x64
		{16153EEA-60BE-4B74-9671-79BB234584C0}.Debug|x64.Build.0 = Debug|x64
		{16153EEA-60BE-4B74-9671-79BB234584C0}.Debug|x86.ActiveCfg = Debug|Win32
		{16153EEA-60BE-4B74-9671-79BB234584C0}.Debug|x86.Build.0 = Debug|Win32
		{16153EEA-60BE-4B74-9671-79BB234584C0}.Release|x64.ActiveCfg = Release|x64
		{16153EEA-60BE-4B74-9671-79BB234584C0}.Release|x64.Build.0 = Release|x64
		{16153EEA-60BE-4B74-9671-79BB234584C0}.Release|x86.ActiveCfg = Release|Win32
		{16153EEA-60BE-4B74-9671-79BB234584C0}.Release|x86.Build.0 = Release|Win32
		{D0C1863C-DDC9-4267-A6BE-B25AE6B67B92}.Debug|x64.ActiveCfg = Debug|x64
		{D0C1863C-DDC9-4267-A6BE-B25AE6B67B92}.Debug|x64.Build.0 = Debug|x64
		{D0C1863C-DDC9-4267-A6BE-B25AE6B67B92}.Debug|x86.ActiveCfg = Debug|Win32
		{D0C1863C-DDC9-4267-A6BE-B25AE6B67B92}.Debug|x86.Build.0 = Debug|Win32
		{D0C1863C-DDC9-4267-A6BE-B25AE6B67B92}.Release|x64.ActiveCfg = Release|x64
		{D0C1863C-DDC9-4267-A6BE-B25AE6B67B92}.Release|x64.Build.0 = Release|x64
		{D0C1863C-DDC9-4267-A6BE-B25AE6B67B92}.Release|x86.ActiveCfg = Release|Win32
		{D0C1863C-DDC9-4267-A6BE-B25AE6B67B92}.Release|x86.Build.0 = Release|Win32
		{2AB50156-7081-488E-BF13-F67B46AA628F}.Debug|x64.ActiveCfg = Debug|x64
		{2AB50156-7081-488E-BF13-F67B46AA628F}.Debug|x64.Build.0 = Debug|x64
		{2AB50156-7081-488E-BF13-F67B46AA628F}.Debug|x86.ActiveCfg = Debug|Win32
		{2AB50156-7081-488E-BF13-F67B46AA628F}.Debug|x86.Build.0 = Debug|Win32
		{2AB50156-7081-488E-BF13-F67B46AA628F}.Release|x64.ActiveCfg = Release|x64
		{2AB50156-7081-488E-BF13-F67B46AA628F}.Release|x64.Build.0 = Release|x64
		{2AB50156-7081-488E-BF13-F67B46AA628F}.Release|x86.ActiveCfg = Release|Win32
		{2AB50156-7081-488E-BF13-F67B46AA628F}.Release|x86.Build.0 = Release|Win32
		{F25CE8FF-E7F4-49D9-B028-4BFCE8E02E80}.Debug|x64.ActiveCfg = Debug|x64
		{F25CE8FF-E7F4-49D9-B028-4BFCE8E02E80}.Debug|x64.Build.0 = Debug|x64
		{F25CE8FF-E7F4-49D9-B028-4BFCE8E02E80}.Debug|x86.ActiveCfg = Debug|Win32
		{F25CE8FF-E7F4-49D9-B028-4BFCE8E02E80}.Debug|x86.Build.0 = Debug|Win32
		{F25CE8FF-E7F4-49D9-B028-4BFCE8E02E80}.Release|x64.ActiveCfg = Release|x64
		{F25CE8FF-E7F4-49D9-B028-4BFCE8E02E80}.Release|x64.Build.0 = Release|x64
		{F25CE8FF-E7F4-49D9-B028-4BFCE8E02E80}.Release|x86.ActiveCfg = Release|Win32
		{F25CE8FF-E7F4-49D9-B028-4BFCE8E02E80}.Release|x86.Build.0 = Release|Win32
		{D30A8A6C-65CC-4C64-A777-27EEB3414291}.Debug|x64.ActiveCfg = Debug|x64
		{D30A8A6C-65CC-4C64-A777-27EEB3414291}.Debug|x64.Build.0 = Debug|x64
		{D30A8A6C-65CC-4C64-A777-27EEB3414291}.Debug|x86.ActiveCfg = Debug|Win32
		{D30A8A6C-65CC-4C64-A777-27EEB3414291}.Debug|x86.Build.0 = Debug|Win32
		{D30A8A6C-65CC-4C64-A777-27EEB3414291}.Release|x64.ActiveCfg = Release|x64
		{D30A8A6C-65CC-4C64-A777-27EEB3414291}.Release|x64.Build.0 = Release|x64
		{D30A8A6C-65CC-4C64-A777-27EEB3414291}.Release|x86.ActiveCfg = Release|Win32
		{D30A8A6C-65CC-4C64-A777-27EEB3414291}.Release|x86.Build.0 = Release|Win32
		{2A743AE4-5978-4504-B67A-7677877DACDD}.Debug|x64.ActiveCfg = Debug|x64
		{2A743AE4-5978-4504-B67A-7677877DACDD}.Debug|x64.Build.0 = Debug|x64
		{2A743AE4-5978-4504-B67A-7677877DACDD}.Debug|x86.ActiveCfg = Debug|Win32
		{2A743AE4-5978-4504-B67A-7677877DACDD}.Debug|x86.Build.0 = Debug|Win32
		{2A743AE4-5978-4504-B67A-7677877DACDD}.Release|x64.ActiveCfg = Release|x64
		{2A743AE4-5978-4504-B67A-7677877DACDD}.Release|x64.Build.0 = Release|x64
		{2A743AE4-5978-4504-B67A-7677877DACDD}.Release|x86.ActiveCfg = Release|Win32
		{2A743AE4-5978-4504-B67A-7677877DACDD}.Release|x86.Build.0 = Release|Win32
		{275AA201-4BE0-4896-8B76-AE4FB4BF98AC}.Debug|x64.ActiveCfg = Debug|x64
		{275AA201-4BE0-4896-8B76-AE4FB4BF98AC}.Debug|x64.Build.0 = Debug|x64
		{275AA201-4BE0-4896-8B76-AE4FB4BF98AC}.Debug|x86.ActiveCfg = Debug|Win32
		{275AA201-4BE0-4896-8B76-AE4FB4BF98AC}.Debug|x86.Build.0 = Debug|Win32
		{275AA201-4BE0-4896-8B76-AE4FB4BF98AC}.Release|x64.ActiveCfg = Release|x64
		{275AA201-4BE0-4896-8B76-AE4FB4BF98AC}.Release|x64.Build.0 = Release|x64
		{275AA201-4BE0-4896-8B76-AE4FB4BF98AC}.Release|x86.ActiveCfg = Release|Win32
		{275AA201-4BE0-4896-8B76-AE4FB4BF98AC}.Release|x86.Build.0 = Release|Win32
		{38BCE76F-820B-458B-A5D4-86B05BB9073D}.Debug|x64.ActiveCfg = Debug|x64
		{38BCE76F-820B-458B-A5D4-86B05BB9073D}.Debug|x64.Build.0 = Debug|x64
		{38BCE76F-820B-458B-A5D4-86B05BB9073D}.Debug|x86.ActiveCfg = Debug|Win32
		{38BCE76F-820B-458B-A5D4-86B05BB9073D}.Debug|x86.Build.0 = Debug|Win32
		{38BCE76F-820B-458B-A5D4-86B05BB9073D}.Release|x64.ActiveCfg = Release|x64
		{38BCE76F-820B-458B-A5D4-86B05BB9073D}.Release|x64.Build.0 = Release|x64
		{38BCE76F-820B-458B-A5D4-86B05BB9073D}.Release|x86.ActiveCfg = Release|Win32
		{38BCE76F-820B-458B-A5D4-86B05BB9073D}.Release|x86.Build.0 = Release|Win32
		{354671F5-98C4-4B7C-B719-E076534F5ACE}.Debug|x64.ActiveCfg = Debug|x64
		{354671F5-98C4-4B7C-B719-E076534F5ACE}.Debug|x64.Build.0 = Debug|x64
		{354671F5-98C4-4B7C-B719-E076534F5ACE}.Debug|x86.ActiveCfg = Debug|Win32
		{354671F5-98C4-4B7C-B719-E076534F5ACE}.Debug|x86.Build.0 = Debug|Win32
		{354671F5-98C4-4B7C-B719-E076534F5ACE}.Release|x64.ActiveCfg = Release|x64
		{354671F5-98C4-4B7C-B719-E076534F5ACE}.Release|x64.Build.0 = Release|x64
		{354671F5-98C4-4B7C-B719-E076534F5ACE}.Release|x86.ActiveCfg = Release|Win32
		{354671F5-98C4-4B7C-B719-E076534F5ACE}.Release|x86.Build.0 = Release|Win32
		{25834A1F-3F9D-42F7-AA67-53E7A686AB09}.Debug|x64.ActiveCfg = Debug|x64
		{25834A1F-3F9D-42F7-AA67-53E7A686AB09}.Debug|x64.Build.0 = Debug|x64
		{25834A1F-3F9D-42F7-AA67-53E7A686AB09}.Debug|x86.ActiveCfg = Debug|Win32
		{25834A1F-3F9D-42F7-AA67-53E7A686AB09}.Debug|x86.Build.0 = Debug|Win32
		{25834A1F-3F9D-42F7-AA67-53E7A686AB09}.Release|x64.ActiveCfg = Release|x64
		{25834A1F-3F9D-42F7-AA67-53E7A686AB09}.Release|x64.Build.0 = Release|x64
		{25834A1F-3F9D-42F7-AA67-53E7A686AB09}.Release|x86.ActiveCfg = Release|Win32
		{25834A1F-3F9D-42F7-AA67-53E7A686AB09}.Release|x86.Build.0 = Release|Win32
		{16DC9847-FAE1-4983-AB26-A26B805A4C5C}.Debug|x64.ActiveCfg = Debug|x64
		{16DC9847-FAE1-4983-AB26-A26B805A4C5C}.Debug|x64.Build.0 = Debug|x64
		{16DC9847-FAE1-4983-AB26-A26B805A4C5C}.Debug|x86.ActiveCfg = Debug|Win32
		{16DC9847-FAE1-4983-AB26-A26B805A4C5C}.Debug|x86.Build.0 = Debug|Win32
		{16DC9847-FAE1-4983-AB26-A26B805A4C5C}.Release|x64.ActiveCfg = Release|x64
		{16DC9847-FAE1-4983-AB26-A26B805A4C5C}.Release|x64.Build.0 = Release|x64
		{16DC9847-FAE1-4983-AB26-A26B805A4C5C}.Release|x86.ActiveCfg = Release|Win32
		{16DC9847-FAE1-4983-AB26-A26B805A4C5C}.Release|x86.Build.0 = Release|Win32
		{2634EF10-02D3-4609-9E6A-A17D2DC1918C}.Debug|x64.ActiveCfg = Debug|x64
		{2634EF10-02D3-4609-9E6A-A17D2DC1918C}.Debug|x64.Build.0 = Debug|x64
		{2634EF10-02D3-4609-9E6A-A17D2DC1918C}.Debug|x86.ActiveCfg = Debug|Win32
		{2634EF10-02D3-4609-9E6A-A17D2DC1918C}.Debug|x86.Build.0 = Debug|Win32
		{2634EF10-02D3-4609-9E6A-A17D2DC1918C}.Release|x64.ActiveCfg = Release|x64
		{2634EF10-02D3-4609-9E6A-A17D2DC1918C}.Release|x64.Build.0 = Release|x64
		{2634EF10-02D3-4609-9E6A-A17D2DC1918C}.Release|x86.ActiveCfg = Release|Win32
		{2634EF10-02D3-4609-9E6A-A17D2DC1918C}.Release|x86.Build.0 = Release|Win32
		{7FAA3659-BEE1-4B25-9440-8E074768A616}.Debug|x64.ActiveCfg = Debug|x64
		{7FAA3659-BEE1-4B25-9440-8E074768A616}.Debug|x64.Build.0 = Debug|x64
		{7FAA3659-BEE1-4B25-9440-8E074768A616}.Debug|x86.ActiveCfg = Debug|Win32
		{7FAA3659-BEE1-4B25-9440-8E074768A616}.Debug|x86.Build.0 = Debug|Win32
		{7FAA3659-BEE1-4B25-9440-8E074768A616}.Release|x64.ActiveCfg = Release|x64
		{7FAA3659-BEE1-4B25-9440-8E074768A616}.Release|x64.Build.0 = Release|x64
		{7FAA3659-BEE1-4B25-9440-8E074768A616}.Release|x86.ActiveCfg = Release|Win32
		{7FAA3659-BEE1-4B25-9440-8E074768A616}.Release|x86.Build.0 = Release|Win32
		{58DC7AD9-8A02-4A7D-A03E-1F1B93412FB6}.Debug|x64.ActiveCfg = Debug|x64
		{58DC7AD9-8A02-4A7D-A03E-1F1B93412FB6}.Debug|x64.Build.0 = Debug|x64
		{58DC7AD9-8A02-4A7D-A03E-1F1B93412FB6}.Debug|x86.ActiveCfg = Debug|Win32
		{58DC7AD9-8A02-4A7D-A03E-1F1B93412FB6}.Debug|x86.Build.0 = Debug|Win32
		{58DC7AD9-8A02-4A7D-A03E-1F1B93412FB6}.Release|x64.ActiveCfg = Release|x64
		{58DC7AD9-8A02-4A7D-A03E-1F1B93412FB6}.Release|x64.Build.0 = Release|x64
		{58DC7AD9-8A02-4A7D-A03E-1F1B93412FB6}.Release|x86.ActiveCfg = Release|Win32
		{58DC7AD9-8A02-4A7D-A03E-1F1B93412FB6}.Release|x86.Build.0 = Release|Win32
		{AC502557-76AC-42FD-9B2E-81E9D722C380}.Debug|x64.ActiveCfg = Debug|x64
		{AC502557-76AC-42FD-9B2E-81E9D722C380}.Debug|x64.Build.0 = Debug|x64
		{AC502557-76AC-42FD-9B2E-81E9D722C380}.Debug|x86.ActiveCfg = Debug|Win32
		{AC502557-76AC-42FD-9B2E-81E9D722C380}.Debug|x86.Build.0 = Debug|Win32
		{AC502557-76AC-42FD-9B2E-81E9D722C380}.Release|x64.ActiveCfg = Release|x64
		{AC502557-76AC-42FD-9B2E-81E9D722C380}.Release|x64.Build.0 = Release|x64
		{AC502557-76AC-42FD-9B2E-81E9D722C380}.Release|x86.ActiveCfg = Release|Win32
		{AC502557-76AC-42FD-9B2E-81E9D722C380}.Release|x86.Build.0 = Release|Win32
		{041810A5-9B59-4028-A189-9DB4F52B1E48}.Debug|x64.ActiveCfg = Debug|x64
		{041810A5-9B59-4028-A189-9DB4F52B1E48}.Debug|x64.Build.0 = Debug|x64
		{041810A5-9B59-4028-A189-9DB4F52B1E48}.Debug|x86.ActiveCfg = Debug|Win32
		{041810A5-9B59-4028-A189-9DB4F52B1E48}.Debug|x86.Build.0 = Debug|Win32
		{041810A5-9B59-4028-A189-9DB4F52B1E48}.Release|x64.ActiveCfg = Release|x64
		{041810A5-9B59-4028-A189-9DB4F52B1E48}.Release|x64.Build.0 = Release|x64
		{041810A5-9B59-4028-A189-9DB4F52B1E48}.Release|x86.ActiveCfg = Release|Win32
		{041810A5-9B59-4028-A189-9DB4F52B1E48}.Release|x86.Build.0 = Release|Win32
		{76FA5ADA-DA49-4EDB-AC6C-557DA0A9FA5A}.Debug|x64.ActiveCfg = Debug|x64
		{76FA5ADA-DA49-4EDB-AC6C-557DA0A9FA5A}.Debug|x64.Build.0 = Debug|x64
		{76FA5ADA-DA49-4EDB-AC6C-557DA0A9FA5A}.Debug|x86.ActiveCfg = Debug|Win32
		{76FA5ADA-DA49-4EDB-AC6C-557DA0A9FA5A}.Debug|x86.Build.0 = Debug|Win32
		{76FA5ADA-DA49-4EDB-AC6C-557DA0A9FA5A}.Release|x64.ActiveCfg = Release|x64
		{76FA5ADA-DA49-4EDB-AC6C-557DA0A9FA5A}.Release|x64.Build.0 = Release|x64
		{76FA5ADA-DA49-4EDB-AC6C-557DA0A9FA5A}.Release|x86.ActiveCfg = Release|Win32
		{76FA5ADA-DA49-4EDB-AC6C-557DA0A9FA5A}.Release|x86.Build.0 = Release|Win32
		{FBE55EED-1C36-4F90-88D4-AA35B67AE2EA}.Debug|x64.ActiveCfg = Debug|x64
		{FBE55EED-1C36-4F90-88D4-AA35B67AE2EA}.Debug|x64.Build.0 = Debug|x64
		{FBE55EED-1C36-4F90-88D4-AA35B67AE2EA}.Debug|x86.ActiveCfg = Debug|Win32
		{FBE55EED-1C36-4F90-88D4-AA35B67AE2EA}.Debug|x86.Build.0 = Debug|Win32
		{FBE55EED-1C36-4F90-88D4-AA35B67AE2EA}.Release|x64.ActiveCfg = Release|x64
		{FBE55EED-1C36-4F90-88D4-AA35B67AE2EA}.Release|x64.Build.0 = Release|x64
		{FBE55EED-1C36-4F90-88D4-AA35B67AE2EA}.Release|x86.ActiveCfg = Release|Win32
		{FBE55EED-1C36-4F90-88D4-AA35B67AE2EA}.Release|x86.Build.0 = Release|Win32
		{3BBC3DF1-A078-44E1-9127-0AC87754F941}.Debug|x64.ActiveCfg = Debug|x64
		{3BBC3DF1-A078-44E1-9127-0AC87754F941}.Debug|x64.Build.0 = Debug|x64
		{3BBC3DF1-A078-44E1-9127-0AC87754F941}.Debug|x86.ActiveCfg = Debug|Win32
		{3BBC3DF1-A078-44E1-9127-0AC87754F941}.Debug|x86.Build.0 = Debug|Win32
		{3BBC3DF1-A078-44E1-9127-0AC87754F941}.Release|x64.ActiveCfg = Release|x64
		{3BBC3DF1-A078-44E1-9127-0AC87754F941}.Release|x64.Build.0 = Release|x64
		{3BBC3DF1-A078-44E1-9127-0AC87754F941}.Release|x86.ActiveCfg = Release|Win32
		{3BBC3DF1-A078-44E1-9127-0AC87754F941}.Release|x86.Build.0 = Release|Win32
		{B46E3A01-D890-4B96-B15C-50DABA793D85}.Debug|x64.ActiveCfg = Debug|x64
		{B46E3A01-D890-4B96-B15C-50DABA793D85}.Debug|x64.Build.0 = Debug|x64
		{B46E3A01-D890-4B96-B15C-50DABA793D85}.Debug|x86.ActiveCfg = Debug|Win32
		{B46E3A01-D890-4B96-B15C-50DABA793D85}.Debug|x86.Build.0 = Debug|Win32
		{B46E3A01-D890-4B96-B15C-50DABA793D85}.Release|x64.ActiveCfg = Release|x64
		{B46E3A01-D890-4B96-B15C-50DABA793D85}.Release|x64.Build.0 = Release|x64
		{B46E3A01-D890-4B96-B15C-50DABA793D85}.Release|x86.ActiveCfg = Release|Win32
		{B46E3A01-D890-4B96-B15C-50DABA793D85}.Release|x86.Build.0 = Release|Win32
		{5A28FC89-4286-4B2B-9F6E-B5D8A48764C8}.Debug|x64.ActiveCfg = Debug|x64
		{5A28FC89-4286-4B2B-9F6E-B5D8A48764C8}.Debug|x64.Build.0 = Debug|x64
		{5A28FC89-4286-4B2B-9F6E-B5D8A48764C8}.Debug|x86.ActiveCfg = Debug|Win32
		{5A28FC89-4286-4B2B-9F6E-B5D8A48764C8}.Debug|x86.Build.0 = Debug|Win32
		{5A28FC89-4286-4B2B-9F6E-B5D8A48764C8}.Release|x64.ActiveCfg = Release|x64
		{5A28FC89-4286-4B2B-9F6E-B5D8A48764C8}.Release|x64.Build.0 = Release|x64
		{5A28FC89-4286-4B2B-9F6E-B5D8A48764C8}.Release|x86.ActiveCfg = Release|Win32
		{5A28FC89-4286-4B2B-9F6E-B5D8A48764C8}.Release|x86.Build.0 = Release|Win32
		{0C6E72F0-EC92-4238-9E2D-4081568D135C}.Debug|x64.ActiveCfg = Debug|x64
		{0C6E72F0-EC92-4238-9E2D-4081568D135C}.Debug|x64.Build.0 = Debug|x64
		{0C6E72F0-EC92-4238-9E2D-4081568D135C}.Debug|x86.ActiveCfg = Debug|Win32
		{0C6E72F0-EC92-4238-9E2D-4081568D135C}.Debug|x86.Build.0 = Debug|Win32
		{0C6E72F0-EC92-4238-9E2D-4081568D135C}.Release|x64.ActiveCfg = Release|x64
		{0C6E72F0-EC92-4238-9E2D-4081568D135C}.Release|x64.Build.0 = Release|x64
		{0C6E72F0-EC92-4238-9E2D-4081568D135C}.Release|x86.ActiveCfg = Release|Win32
		{0C6E72F0-EC92-4238-9E2D-4081568D135C}.Release|x86.Build.0 = Release|Win32
	EndGlobalSection
	GlobalSection(SolutionProperties) = preSolution
		HideSolutionNode = FALSE
	EndGlobalSection
	GlobalSection(ExtensibilityGlobals) = postSolution
		SolutionGuid = {0C4FCD14-17ED-4203-8F83-951616F14B47}
	EndGlobalSection
EndGlobal
